
Microsoft Visual Studio Solution File, Format Version 12.00
# Visual Studio Version 17
VisualStudioVersion = 17.11.35222.181
MinimumVisualStudioVersion = 10.0.40219.1
Project("{9A19103F-16F7-4668-BE54-9A1E7A4F7556}") = "Practice2", "Practice2.csproj", "{F880B5AB-F670-4784-95C0-667DC407E93F}"
EndProject
Global
	GlobalSection(SolutionConfigurationPlatforms) = preSolution
		Debug|Any CPU = Debug|Any CPU
		Release|Any CPU = Release|Any CPU
	EndGlobalSection
	GlobalSection(ProjectConfigurationPlatforms) = postSolution
		{F880B5AB-F670-4784-95C0-667DC407E93F}.Debug|Any CPU.ActiveCfg = Debug|Any CPU
		{F880B5AB-F670-4784-95C0-667DC407E93F}.Debug|Any CPU.Build.0 = Debug|Any CPU
		{F880B5AB-F670-4784-95C0-667DC407E93F}.Release|Any CPU.ActiveCfg = Release|Any CPU
		{F880B5AB-F670-4784-95C0-667DC407E93F}.Release|Any CPU.Build.0 = Release|Any CPU
	EndGlobalSection
	GlobalSection(SolutionProperties) = preSolution
		HideSolutionNode = FALSE
	EndGlobalSection
	GlobalSection(ExtensibilityGlobals) = postSolution
		SolutionGuid = {0780A233-7814-46DA-9A14-884C97E9C557}
	EndGlobalSection
EndGlobal
